<?xml version="1.0" encoding="utf-8"?>
<Project ToolsVersion="4.0" xmlns="http://schemas.microsoft.com/developer/msbuild/2003">
  <ItemGroup>
    <ClInclude Include="Client.h">
      <Filter>97. Tool\98. Default</Filter>
    </ClInclude>
    <ClInclude Include="Resource.h">
      <Filter>97. Tool\98. Default</Filter>
    </ClInclude>
    <ClInclude Include="stdafx.h">
      <Filter>97. Tool\98. Default</Filter>
    </ClInclude>
    <ClInclude Include="targetver.h">
      <Filter>97. Tool\98. Default</Filter>
    </ClInclude>
    <ClInclude Include="..\Public\MainApp.h">
      <Filter>00. MainApp</Filter>
    </ClInclude>
    <ClInclude Include="..\Public\Client_Defines.h">
      <Filter>99. Defines</Filter>
    </ClInclude>
    <ClInclude Include="..\Public\Level_GamePlay.h">
      <Filter>01. ClientLevel\01. GamePlay</Filter>
    </ClInclude>
    <ClInclude Include="..\Public\Level_Loading.h">
      <Filter>01. ClientLevel\99. Loading</Filter>
    </ClInclude>
    <ClInclude Include="..\Public\Level_Logo.h">
      <Filter>01. ClientLevel\00. Logo</Filter>
    </ClInclude>
    <ClInclude Include="..\Public\Loader.h">
      <Filter>01. ClientLevel\Loader</Filter>
    </ClInclude>
    <ClInclude Include="..\Public\Terrain.h">
      <Filter>02. GameObject\02. Terrain</Filter>
    </ClInclude>
    <ClInclude Include="..\Public\Actor.h">
      <Filter>02. GameObject\03. Actor</Filter>
    </ClInclude>
    <ClInclude Include="..\Public\Character.h">
      <Filter>02. GameObject\03. Actor\00. Character</Filter>
    </ClInclude>
    <ClInclude Include="..\Public\UI.h">
      <Filter>02. GameObject\01. UI</Filter>
    </ClInclude>
    <ClInclude Include="..\Public\ImGui_Window.h">
      <Filter>97. Tool\00. IMGUI</Filter>
    </ClInclude>
    <ClInclude Include="..\Public\ImGui_Manager.h">
      <Filter>97. Tool\00. IMGUI</Filter>
    </ClInclude>
    <ClInclude Include="..\Public\Level_Edit.h">
      <Filter>01. ClientLevel\98. Edit</Filter>
    </ClInclude>
    <ClInclude Include="..\Public\Window_UI.h">
      <Filter>97. Tool\00. IMGUI\Windows\00. UI</Filter>
    </ClInclude>
    <ClInclude Include="..\Public\Window_PrototypeView.h">
      <Filter>97. Tool\00. IMGUI\Windows\01. SceneEditer\00. Prototype</Filter>
    </ClInclude>
    <ClInclude Include="..\Public\Window_HierarchyView.h">
      <Filter>97. Tool\00. IMGUI\Windows\01. SceneEditer\01. Hierarchy</Filter>
    </ClInclude>
    <ClInclude Include="..\Public\Client_GameObjects.h">
      <Filter>99. Defines</Filter>
    </ClInclude>
    <ClInclude Include="..\Public\Client_Windows.h">
      <Filter>99. Defines</Filter>
    </ClInclude>
    <ClInclude Include="..\Public\Prop.h">
      <Filter>02. GameObject\04. Prop</Filter>
    </ClInclude>
    <ClInclude Include="..\Public\Stage1.h">
      <Filter>02. GameObject\04. Prop\00. Map\00. Stage1_Map</Filter>
    </ClInclude>
    <ClInclude Include="..\Public\Map.h">
      <Filter>02. GameObject\04. Prop\00. Map</Filter>
    </ClInclude>
    <ClInclude Include="..\Public\Window_ComponentView.h">
      <Filter>97. Tool\00. IMGUI\Windows\01. SceneEditer\02. Component</Filter>
    </ClInclude>
    <ClInclude Include="..\Public\ClientComponent.h">
      <Filter>05. Component</Filter>
    </ClInclude>
    <ClInclude Include="..\Public\Client_Components.h">
      <Filter>99. Defines</Filter>
    </ClInclude>
    <ClInclude Include="..\Public\Camera_Free.h">
      <Filter>02. GameObject\00. Camera\00. Camera_Free</Filter>
    </ClInclude>
    <ClInclude Include="..\Public\Camera_Target.h">
      <Filter>02. GameObject\00. Camera\01. Camera_Target</Filter>
    </ClInclude>
    <ClInclude Include="..\Public\StateBase.h">
      <Filter>05. Component\03. State</Filter>
    </ClInclude>
    <ClInclude Include="..\Public\GameManager.h">
      <Filter>96. GameManager</Filter>
    </ClInclude>
    <ClInclude Include="..\Public\Level_Lobby.h">
      <Filter>01. ClientLevel\02. Lobby</Filter>
    </ClInclude>
    <ClInclude Include="..\Public\ClientLevel.h">
      <Filter>01. ClientLevel</Filter>
    </ClInclude>
    <ClInclude Include="..\Public\Camera_Static.h">
      <Filter>02. GameObject\00. Camera\02. Camera_Static</Filter>
    </ClInclude>
    <ClInclude Include="..\Public\WorldUI.h">
      <Filter>02. GameObject\06. WorldUI</Filter>
    </ClInclude>
    <ClInclude Include="..\Public\EffectMesh.h">
      <Filter>02. GameObject\07. EffectMesh</Filter>
    </ClInclude>
    <ClInclude Include="..\Public\AIStateBase.h">
      <Filter>05. Component\03. State\01. AIStateBase</Filter>
    </ClInclude>
    <ClInclude Include="..\Public\Status.h">
      <Filter>05. Component\04. Status</Filter>
    </ClInclude>
    <ClInclude Include="..\Public\EffectObject.h">
      <Filter>02. GameObject\08. Effect</Filter>
    </ClInclude>
    <ClInclude Include="..\Public\Effect_Rect.h">
      <Filter>02. GameObject\08. Effect\00. Effect_Rect</Filter>
    </ClInclude>
    <ClInclude Include="..\Public\Effect_Point.h">
      <Filter>02. GameObject\08. Effect\01. Effect_Point</Filter>
    </ClInclude>
    <ClInclude Include="..\Public\Window_EffectResourceView.h">
      <Filter>97. Tool\00. IMGUI\Windows\02. Effect\00. EffectResource</Filter>
    </ClInclude>
    <ClInclude Include="..\Public\Window_AnimationModelView.h">
      <Filter>97. Tool\00. IMGUI\Windows\02. Effect\01. AnimationModel</Filter>
    </ClInclude>
    <ClInclude Include="..\Public\Window_EffectEditerView.h">
      <Filter>97. Tool\00. IMGUI\Windows\02. Effect\02. EditEffect</Filter>
    </ClInclude>
    <ClInclude Include="..\Public\Window_AnimationPlayerView.h">
      <Filter>97. Tool\00. IMGUI\Windows\02. Effect\03. AnimationPlayer</Filter>
    </ClInclude>
    <ClInclude Include="..\Public\Window_EffectHierarchyView.h">
      <Filter>97. Tool\00. IMGUI\Windows\02. Effect\04. EffectHierarchy</Filter>
    </ClInclude>
    <ClInclude Include="..\Public\PreViewAnimationModel.h">
      <Filter>02. GameObject\03. Actor\00. Character\99. PreViewAnimationModel</Filter>
    </ClInclude>
    <ClInclude Include="..\Public\CustomEffectMesh.h">
      <Filter>02. GameObject\07. EffectMesh\01. CustomEffectMesh</Filter>
    </ClInclude>
    <ClInclude Include="..\Public\EffectGroup.h">
      <Filter>02. GameObject\07. EffectMesh\02. EffectGroup</Filter>
    </ClInclude>
    <ClInclude Include="..\Public\Client_Structsh.h">
      <Filter>99. Defines</Filter>
    </ClInclude>
    <ClInclude Include="..\Public\EditNaviMesh.h">
      <Filter>02. GameObject\99. Other\02. EditNaviMesh</Filter>
    </ClInclude>
    <ClInclude Include="..\Public\Stage2.h">
      <Filter>02. GameObject\04. Prop\00. Map\01. Stage2_Map</Filter>
    </ClInclude>
    <ClInclude Include="..\Public\Stage3.h">
      <Filter>02. GameObject\04. Prop\00. Map\02. Stage3_Map</Filter>
    </ClInclude>
    <ClInclude Include="..\Public\SkyBox.h">
      <Filter>02. GameObject\09. SkyBox</Filter>
    </ClInclude>
    <ClInclude Include="..\Public\Level_Stage2.h">
      <Filter>01. ClientLevel\03. Stage2</Filter>
    </ClInclude>
    <ClInclude Include="..\Public\Level_Stage3.h">
      <Filter>01. ClientLevel\04. Stage3</Filter>
    </ClInclude>
    <ClInclude Include="..\Public\Attack_Area.h">
      <Filter>02. GameObject\99. Other\03. Attack_collider</Filter>
    </ClInclude>
    <ClInclude Include="..\Public\Trigger.h">
      <Filter>02. GameObject\10. Trigger</Filter>
    </ClInclude>
    <ClInclude Include="..\Public\FadeMask.h">
      <Filter>02. GameObject\01. UI\FadeMask</Filter>
    </ClInclude>
    <ClInclude Include="..\Public\Player_HPBar.h">
      <Filter>02. GameObject\01. UI\PlayerUI\HUD\HP&amp;MP</Filter>
    </ClInclude>
    <ClInclude Include="..\Public\Player_ProgressBar.h">
      <Filter>02. GameObject\01. UI\PlayerUI\HUD\HP&amp;MP\Progress</Filter>
    </ClInclude>
    <ClInclude Include="..\Public\Player_MPBar.h">
      <Filter>02. GameObject\01. UI\PlayerUI\HUD\HP&amp;MP</Filter>
    </ClInclude>
    <ClInclude Include="..\Public\Player_Memory.h">
      <Filter>02. GameObject\01. UI\PlayerUI\HUD\Memory</Filter>
    </ClInclude>
    <ClInclude Include="..\Public\CustomUI.h">
      <Filter>02. GameObject\01. UI\CustomUI</Filter>
    </ClInclude>
    <ClInclude Include="..\Public\Player.h">
      <Filter>02. GameObject\03. Actor\00. Character\99. PreViewAnimationModel</Filter>
    </ClInclude>
    <ClInclude Include="..\Public\CCorvus.h">
      <Filter>02. GameObject\03. Actor\00. Character\00. Corvus</Filter>
    </ClInclude>
    <ClInclude Include="..\Public\PlayerStateBase.h">
      <Filter>05. Component\03. State\00. PlayerStateBase</Filter>
    </ClInclude>
    <ClInclude Include="..\Public\CorvusStates\CorvusState_JoggingStart.h">
      <Filter>05. Component\03. State\00. PlayerStateBase\00.CorvusStateBase\00.CorvusState\01.State_JoggingStart</Filter>
    </ClInclude>
    <ClInclude Include="..\Public\CorvusStates\CorvusState_Stop.h">
      <Filter>05. Component\03. State\00. PlayerStateBase\00.CorvusStateBase\00.CorvusState\04.State_Stop</Filter>
    </ClInclude>
    <ClInclude Include="..\Public\CorvusStates\CorvusState_Jogging.h">
      <Filter>05. Component\03. State\00. PlayerStateBase\00.CorvusStateBase\00.CorvusState\03.State_Jogging</Filter>
    </ClInclude>
    <ClInclude Include="..\Public\CorvusStates\CorvusState_JoggingStartEnd.h">
      <Filter>05. Component\03. State\00. PlayerStateBase\00.CorvusStateBase\00.CorvusState\02.State_JoggingStartEnd</Filter>
    </ClInclude>
    <ClInclude Include="..\Public\CorvusStates\CorvusStateBase.h">
      <Filter>05. Component\03. State\00. PlayerStateBase\00.CorvusStateBase\00.CorvusState</Filter>
    </ClInclude>
    <ClInclude Include="..\Public\CorvusStates\CorvusStates.h">
      <Filter>05. Component\03. State\00. PlayerStateBase\00.CorvusStateBase\00.CorvusState</Filter>
    </ClInclude>
    <ClInclude Include="..\Public\CorvusStates\CorvusState_Hit.h">
      <Filter>05. Component\03. State\00. PlayerStateBase\00.CorvusStateBase\00.CorvusState\05.State_Hit</Filter>
    </ClInclude>
    <ClInclude Include="..\Public\CorvusStates\CorvusState_Idle.h">
      <Filter>05. Component\03. State\00. PlayerStateBase\00.CorvusStateBase\00.CorvusState\00.State_Idle</Filter>
    </ClInclude>
    <ClInclude Include="..\Public\Dynamic_Prop.h">
      <Filter>02. GameObject\04. Prop\02. Dynamic_Prop</Filter>
    </ClInclude>
    <ClInclude Include="..\Public\Interaction_Prop.h">
      <Filter>02. GameObject\04. Prop\03. Interaction_Prop</Filter>
    </ClInclude>
    <ClInclude Include="..\Public\Static_Prop.h">
      <Filter>02. GameObject\04. Prop\01. Static_Prop</Filter>
    </ClInclude>
    <ClInclude Include="..\Public\Ground.h">
      <Filter>02. GameObject\11. Ground</Filter>
    </ClInclude>
    <ClInclude Include="..\Public\Light_Prop.h">
      <Filter>02. GameObject\04. Prop\04. Light_Prop</Filter>
    </ClInclude>
    <ClInclude Include="..\Public\Player_PotionUI.h">
      <Filter>02. GameObject\01. UI\PlayerUI\HUD\Potion</Filter>
    </ClInclude>
    <ClInclude Include="..\Public\Player_FeatherUI.h">
      <Filter>02. GameObject\01. UI\PlayerUI\HUD\Hover</Filter>
    </ClInclude>
    <ClInclude Include="..\Public\HUD_Hover.h">
      <Filter>02. GameObject\01. UI\PlayerUI\HUD\Hover</Filter>
    </ClInclude>
    <ClInclude Include="..\Public\CorvusStates\CorvusState_Stop.h">
      <Filter>05. Component\03. State\00. PlayerStateBase\00.CorvusStateBase\00.CorvusState\04.State_Stop</Filter>
    </ClInclude>
    <ClInclude Include="..\Public\CorvusStates\CorvusState_Jogging.h">
      <Filter>05. Component\03. State\00. PlayerStateBase\00.CorvusStateBase\00.CorvusState\03.State_Jogging</Filter>
    </ClInclude>
    <ClInclude Include="..\Public\CorvusStates\CorvusState_JoggingStartEnd.h">
      <Filter>05. Component\03. State\00. PlayerStateBase\00.CorvusStateBase\00.CorvusState\02.State_JoggingStartEnd</Filter>
    </ClInclude>
    <ClInclude Include="..\Public\CorvusStates\CorvusStateBase.h">
      <Filter>05. Component\03. State\00. PlayerStateBase\00.CorvusStateBase\00.CorvusState</Filter>
    </ClInclude>
    <ClInclude Include="..\Public\CorvusStates\CorvusStates.h">
      <Filter>05. Component\03. State\00. PlayerStateBase\00.CorvusStateBase\00.CorvusState</Filter>
    </ClInclude>
    <ClInclude Include="..\Public\CorvusStates\CorvusState_Hit.h">
      <Filter>05. Component\03. State\00. PlayerStateBase\00.CorvusStateBase\00.CorvusState\05.State_Hit</Filter>
    </ClInclude>
    <ClInclude Include="..\Public\CorvusStates\CorvusState_Idle.h">
      <Filter>05. Component\03. State\00. PlayerStateBase\00.CorvusStateBase\00.CorvusState\00.State_Idle</Filter>
    </ClInclude>
    <ClInclude Include="..\Public\CorvusStates\CorvusState_Run.h">
      <Filter>05. Component\03. State\00. PlayerStateBase\00.CorvusStateBase\00.CorvusState\06.State_Run</Filter>
    </ClInclude>
    <ClInclude Include="..\Public\CorvusStates\CorvusState_Sprint.h">
      <Filter>05. Component\03. State\00. PlayerStateBase\00.CorvusStateBase\00.CorvusState\07.State_Sprint</Filter>
    </ClInclude>
    <ClInclude Include="..\Public\CorvusStates\CorvusState_SprintStart.h">
      <Filter>05. Component\03. State\00. PlayerStateBase\00.CorvusStateBase\00.CorvusState\08.State_SprintStart</Filter>
    </ClInclude>
    <ClInclude Include="..\Public\CorvusStates\CorvusState_SprintAttack.h">
      <Filter>05. Component\03. State\00. PlayerStateBase\00.CorvusStateBase\00.CorvusState\10.State_SprintAttack</Filter>
    </ClInclude>
    <ClInclude Include="..\Public\CorvusStates\CorvusState_AVoid.h">
      <Filter>05. Component\03. State\00. PlayerStateBase\00.CorvusStateBase\00.CorvusState\09.State_AVoid</Filter>
    </ClInclude>
    <ClInclude Include="..\Public\Corvus_DefaultSaber.h">
      <Filter>02. GameObject\03. Actor\00. Character\00. Corvus\00.Weapon\00.Corvus_DefaultSaber</Filter>
    </ClInclude>
    <ClInclude Include="..\Public\Corvus_DefaultDagger.h">
      <Filter>02. GameObject\03. Actor\00. Character\00. Corvus\00.Weapon\01.Corvus_DefaultDagger</Filter>
    </ClInclude>
    <ClInclude Include="..\Public\EditGround.h">
      <Filter>02. GameObject\99. Other\01. EditGround</Filter>
    </ClInclude>
    <ClInclude Include="..\Public\CorvusStates\StateExecution\Varg_Execution.h">
      <Filter>05. Component\03. State\00. PlayerStateBase\00.CorvusStateBase\01.State_Execution\00.Varg_Execution</Filter>
    </ClInclude>
    <ClInclude Include="..\Public\CorvusStates\CorvusState_LAttack1.h">
      <Filter>05. Component\03. State\00. PlayerStateBase\00.CorvusStateBase\00.CorvusState\11.State_Attack\State_Attack1</Filter>
    </ClInclude>
    <ClInclude Include="..\Public\CorvusStates\CorvusState_LAttack2.h">
      <Filter>05. Component\03. State\00. PlayerStateBase\00.CorvusStateBase\00.CorvusState\11.State_Attack\State_Attack2</Filter>
    </ClInclude>
    <ClInclude Include="..\Public\CorvusStates\CorvusState_LAttack3.h">
      <Filter>05. Component\03. State\00. PlayerStateBase\00.CorvusStateBase\00.CorvusState\11.State_Attack\State_Attack3</Filter>
    </ClInclude>
    <ClInclude Include="..\Public\CorvusStates\CorvusState_Parry1.h">
      <Filter>05. Component\03. State\00. PlayerStateBase\00.CorvusStateBase\00.CorvusState\12.State_Parry\State_Paary1</Filter>
    </ClInclude>
    <ClInclude Include="..\Public\CorvusStates\CorvusState_Parry2.h">
      <Filter>05. Component\03. State\00. PlayerStateBase\00.CorvusStateBase\00.CorvusState\12.State_Parry\State_Parry2</Filter>
    </ClInclude>
    <ClInclude Include="..\Public\CorvusStates\CorvusState_BasicHealing.h">
      <Filter>05. Component\03. State\00. PlayerStateBase\00.CorvusStateBase\00.CorvusState\13.State_Healing\00.CorvusState_BasicHealing</Filter>
    </ClInclude>
    <ClInclude Include="..\Public\MobStateBase.h">
      <Filter>05. Component\03. State\01. AIStateBase</Filter>
    </ClInclude>
    <ClInclude Include="..\Public\Monster.h">
      <Filter>02. GameObject\03. Actor\00. Character\01. Monster</Filter>
    </ClInclude>
    <ClInclude Include="..\Public\Mob.h">
      <Filter>02. GameObject\03. Actor\00. Character\01. Monster\00.Mob</Filter>
    </ClInclude>
    <ClInclude Include="..\Public\MobWeapon\MobWeapon.h">
      <Filter>02. GameObject\03. Actor\00. Character\01. Monster\00.Mob\00.Weapon</Filter>
    </ClInclude>
  </ItemGroup>
  <ItemGroup>
    <ClCompile Include="Client.cpp">
      <Filter>97. Tool\98. Default</Filter>
    </ClCompile>
    <ClCompile Include="stdafx.cpp">
      <Filter>97. Tool\98. Default</Filter>
    </ClCompile>
    <ClCompile Include="..\Private\MainApp.cpp">
      <Filter>00. MainApp</Filter>
    </ClCompile>
    <ClCompile Include="..\Private\Level_GamePlay.cpp">
      <Filter>01. ClientLevel\01. GamePlay</Filter>
    </ClCompile>
    <ClCompile Include="..\Private\Level_Loading.cpp">
      <Filter>01. ClientLevel\99. Loading</Filter>
    </ClCompile>
    <ClCompile Include="..\Private\Level_Logo.cpp">
      <Filter>01. ClientLevel\00. Logo</Filter>
    </ClCompile>
    <ClCompile Include="..\Private\Loader.cpp">
      <Filter>01. ClientLevel\Loader</Filter>
    </ClCompile>
    <ClCompile Include="Terrain.cpp">
      <Filter>02. GameObject\02. Terrain</Filter>
    </ClCompile>
    <ClCompile Include="..\Private\Actor.cpp">
      <Filter>02. GameObject\03. Actor</Filter>
    </ClCompile>
    <ClCompile Include="..\Private\Character.cpp">
      <Filter>02. GameObject\03. Actor\00. Character</Filter>
    </ClCompile>
    <ClCompile Include="..\Private\UI.cpp">
      <Filter>02. GameObject\01. UI</Filter>
    </ClCompile>
    <ClCompile Include="..\Private\ImGui_Window.cpp">
      <Filter>97. Tool\00. IMGUI</Filter>
    </ClCompile>
    <ClCompile Include="..\Private\ImGui_Manager.cpp">
      <Filter>97. Tool\00. IMGUI</Filter>
    </ClCompile>
    <ClCompile Include="..\Private\Level_Edit.cpp">
      <Filter>01. ClientLevel\98. Edit</Filter>
    </ClCompile>
    <ClCompile Include="..\Private\Window_UI.cpp">
      <Filter>97. Tool\00. IMGUI\Windows\00. UI</Filter>
    </ClCompile>
    <ClCompile Include="..\Private\Window_PrototypeView.cpp">
      <Filter>97. Tool\00. IMGUI\Windows\01. SceneEditer\00. Prototype</Filter>
    </ClCompile>
    <ClCompile Include="..\Private\Window_HierarchyView.cpp">
      <Filter>97. Tool\00. IMGUI\Windows\01. SceneEditer\01. Hierarchy</Filter>
    </ClCompile>
    <ClCompile Include="..\Private\Prop.cpp">
      <Filter>02. GameObject\04. Prop</Filter>
    </ClCompile>
    <ClCompile Include="..\Private\Stage1.cpp">
      <Filter>02. GameObject\04. Prop\00. Map\00. Stage1_Map</Filter>
    </ClCompile>
    <ClCompile Include="..\Private\Map.cpp">
      <Filter>02. GameObject\04. Prop\00. Map</Filter>
    </ClCompile>
    <ClCompile Include="..\Private\Window_ComponentView.cpp">
      <Filter>97. Tool\00. IMGUI\Windows\01. SceneEditer\02. Component</Filter>
    </ClCompile>
    <ClCompile Include="..\Private\ClientComponent.cpp">
      <Filter>05. Component</Filter>
    </ClCompile>
    <ClCompile Include="..\Private\Camera_Free.cpp">
      <Filter>02. GameObject\00. Camera\00. Camera_Free</Filter>
    </ClCompile>
    <ClCompile Include="..\Private\Camera_Target.cpp">
      <Filter>02. GameObject\00. Camera\01. Camera_Target</Filter>
    </ClCompile>
    <ClCompile Include="..\Private\StateBase.cpp">
      <Filter>05. Component\03. State</Filter>
    </ClCompile>
    <ClCompile Include="..\Private\GameManager.cpp">
      <Filter>96. GameManager</Filter>
    </ClCompile>
    <ClCompile Include="..\Private\Level_Lobby.cpp">
      <Filter>01. ClientLevel\02. Lobby</Filter>
    </ClCompile>
    <ClCompile Include="..\Private\ClientLevel.cpp">
      <Filter>01. ClientLevel</Filter>
    </ClCompile>
    <ClCompile Include="..\Private\Camera_Static.cpp">
      <Filter>02. GameObject\00. Camera\02. Camera_Static</Filter>
    </ClCompile>
    <ClCompile Include="..\Private\WorldUI.cpp">
      <Filter>02. GameObject\06. WorldUI</Filter>
    </ClCompile>
    <ClCompile Include="..\Private\EffectMesh.cpp">
      <Filter>02. GameObject\07. EffectMesh</Filter>
    </ClCompile>
    <ClCompile Include="..\Private\AIStateBase.cpp">
      <Filter>05. Component\03. State\01. AIStateBase</Filter>
    </ClCompile>
    <ClCompile Include="..\Private\Status.cpp">
      <Filter>05. Component\04. Status</Filter>
    </ClCompile>
    <ClCompile Include="..\Private\EffectObject.cpp">
      <Filter>02. GameObject\08. Effect</Filter>
    </ClCompile>
    <ClCompile Include="..\Private\Effect_Rect.cpp">
      <Filter>02. GameObject\08. Effect\00. Effect_Rect</Filter>
    </ClCompile>
    <ClCompile Include="..\Private\Effect_Point.cpp">
      <Filter>02. GameObject\08. Effect\01. Effect_Point</Filter>
    </ClCompile>
    <ClCompile Include="..\Private\Window_EffectResourceView.cpp">
      <Filter>97. Tool\00. IMGUI\Windows\02. Effect\00. EffectResource</Filter>
    </ClCompile>
    <ClCompile Include="..\Private\Window_AnimationModelView.cpp">
      <Filter>97. Tool\00. IMGUI\Windows\02. Effect\01. AnimationModel</Filter>
    </ClCompile>
    <ClCompile Include="..\Private\Window_EffectEditerView.cpp">
      <Filter>97. Tool\00. IMGUI\Windows\02. Effect\02. EditEffect</Filter>
    </ClCompile>
    <ClCompile Include="..\Private\Window_AnimationPlayerView.cpp">
      <Filter>97. Tool\00. IMGUI\Windows\02. Effect\03. AnimationPlayer</Filter>
    </ClCompile>
    <ClCompile Include="..\Private\Window_EffectHierarchyView.cpp">
      <Filter>97. Tool\00. IMGUI\Windows\02. Effect\04. EffectHierarchy</Filter>
    </ClCompile>
    <ClCompile Include="..\Private\PreViewAnimationModel.cpp">
      <Filter>02. GameObject\03. Actor\00. Character\99. PreViewAnimationModel</Filter>
    </ClCompile>
    <ClCompile Include="..\Private\CustomEffectMesh.cpp">
      <Filter>02. GameObject\07. EffectMesh\01. CustomEffectMesh</Filter>
    </ClCompile>
    <ClCompile Include="..\Private\EffectGroup.cpp">
      <Filter>02. GameObject\07. EffectMesh\02. EffectGroup</Filter>
    </ClCompile>
    <ClCompile Include="..\Private\EditNaviMesh.cpp">
      <Filter>02. GameObject\99. Other\02. EditNaviMesh</Filter>
    </ClCompile>
    <ClCompile Include="..\Private\Stage2.cpp">
      <Filter>02. GameObject\04. Prop\00. Map\01. Stage2_Map</Filter>
    </ClCompile>
    <ClCompile Include="..\Private\Stage3.cpp">
      <Filter>02. GameObject\04. Prop\00. Map\02. Stage3_Map</Filter>
    </ClCompile>
    <ClCompile Include="..\Private\SkyBox.cpp">
      <Filter>02. GameObject\09. SkyBox</Filter>
    </ClCompile>
    <ClCompile Include="..\Private\Level_Stage2.cpp">
      <Filter>01. ClientLevel\03. Stage2</Filter>
    </ClCompile>
    <ClCompile Include="..\Private\Level_Stage3.cpp">
      <Filter>01. ClientLevel\04. Stage3</Filter>
    </ClCompile>
    <ClCompile Include="..\Private\Attack_Area.cpp">
      <Filter>02. GameObject\99. Other\03. Attack_collider</Filter>
    </ClCompile>
    <ClCompile Include="..\Private\Trigger.cpp">
      <Filter>02. GameObject\10. Trigger</Filter>
    </ClCompile>
    <ClCompile Include="..\Private\FadeMask.cpp">
      <Filter>02. GameObject\01. UI\FadeMask</Filter>
    </ClCompile>
    <ClCompile Include="..\Private\Dynamic_Prop.cpp">
      <Filter>02. GameObject\04. Prop\02. Dynamic_Prop</Filter>
    </ClCompile>
    <ClCompile Include="..\Private\Interaction_Prop.cpp">
      <Filter>02. GameObject\04. Prop\03. Interaction_Prop</Filter>
    </ClCompile>
    <ClCompile Include="..\Private\Static_Prop.cpp">
      <Filter>02. GameObject\04. Prop\01. Static_Prop</Filter>
    </ClCompile>
    <ClCompile Include="..\Private\Ground.cpp">
      <Filter>02. GameObject\11. Ground</Filter>
    </ClCompile>
    <ClCompile Include="..\Private\Player.cpp">
      <Filter>02. GameObject\03. Actor\00. Character\99. PreViewAnimationModel</Filter>
    </ClCompile>
    <ClCompile Include="..\Private\CCorvus.cpp">
      <Filter>02. GameObject\03. Actor\00. Character\00. Corvus</Filter>
    </ClCompile>
    <ClCompile Include="..\Private\PlayerStateBase.cpp">
      <Filter>05. Component\03. State\00. PlayerStateBase</Filter>
    </ClCompile>
    <ClCompile Include="..\Private\CorvusStates\CorvusState_JoggingStart.cpp">
      <Filter>05. Component\03. State\00. PlayerStateBase\00.CorvusStateBase\00.CorvusState\01.State_JoggingStart</Filter>
    </ClCompile>
    <ClCompile Include="..\Private\CorvusStates\CorvusState_Stop.cpp">
      <Filter>05. Component\03. State\00. PlayerStateBase\00.CorvusStateBase\00.CorvusState\04.State_Stop</Filter>
    </ClCompile>
    <ClCompile Include="..\Private\CorvusStates\CorvusState_Jogging.cpp">
      <Filter>05. Component\03. State\00. PlayerStateBase\00.CorvusStateBase\00.CorvusState\03.State_Jogging</Filter>
    </ClCompile>
    <ClCompile Include="..\Private\CorvusStates\CorvusState_JoggingStartEnd.cpp">
      <Filter>05. Component\03. State\00. PlayerStateBase\00.CorvusStateBase\00.CorvusState\02.State_JoggingStartEnd</Filter>
    </ClCompile>
    <ClCompile Include="..\Private\CorvusStates\CorvusStateBase.cpp">
      <Filter>05. Component\03. State\00. PlayerStateBase\00.CorvusStateBase\00.CorvusState</Filter>
    </ClCompile>
    <ClCompile Include="..\Private\CorvusStates\CorvusState_Hit.cpp">
      <Filter>05. Component\03. State\00. PlayerStateBase\00.CorvusStateBase\00.CorvusState\05.State_Hit</Filter>
    </ClCompile>
    <ClCompile Include="..\Private\CorvusStates\CorvusState_Idle.cpp">
      <Filter>05. Component\03. State\00. PlayerStateBase\00.CorvusStateBase\00.CorvusState\00.State_Idle</Filter>
    </ClCompile>
    <ClCompile Include="..\Private\Player_HPBar.cpp">
      <Filter>02. GameObject\01. UI\PlayerUI\HUD\HP&amp;MP</Filter>
    </ClCompile>
    <ClCompile Include="..\Private\Player_ProgressBar.cpp">
      <Filter>02. GameObject\01. UI\PlayerUI\HUD\HP&amp;MP\Progress</Filter>
    </ClCompile>
    <ClCompile Include="..\Private\Player_MPBar.cpp">
      <Filter>02. GameObject\01. UI\PlayerUI\HUD\HP&amp;MP</Filter>
    </ClCompile>
    <ClCompile Include="..\Private\Player_Memory.cpp">
      <Filter>02. GameObject\01. UI\PlayerUI\HUD\Memory</Filter>
    </ClCompile>
    <ClCompile Include="..\Private\CustomUI.cpp">
      <Filter>02. GameObject\01. UI\CustomUI</Filter>
    </ClCompile>
    <ClCompile Include="..\Private\Light_Prop.cpp">
      <Filter>02. GameObject\04. Prop\04. Light_Prop</Filter>
    </ClCompile>
    <ClCompile Include="..\Private\Player_PotionUI.cpp">
      <Filter>02. GameObject\01. UI\PlayerUI\HUD\Potion</Filter>
    </ClCompile>
    <ClCompile Include="..\Private\Player_FeatherUI.cpp">
      <Filter>02. GameObject\01. UI\PlayerUI\HUD\Feather</Filter>
    </ClCompile>
    <ClCompile Include="..\Private\CorvusStates\CorvusState_JoggingStart.cpp">
      <Filter>05. Component\03. State\00. PlayerStateBase\00.CorvusStateBase\00.CorvusState\01.State_JoggingStart</Filter>
    </ClCompile>
    <ClCompile Include="..\Private\CorvusStates\CorvusState_Stop.cpp">
      <Filter>05. Component\03. State\00. PlayerStateBase\00.CorvusStateBase\00.CorvusState\04.State_Stop</Filter>
    </ClCompile>
    <ClCompile Include="..\Private\CorvusStates\CorvusState_Jogging.cpp">
      <Filter>05. Component\03. State\00. PlayerStateBase\00.CorvusStateBase\00.CorvusState\03.State_Jogging</Filter>
    </ClCompile>
    <ClCompile Include="..\Private\CorvusStates\CorvusState_JoggingStartEnd.cpp">
      <Filter>05. Component\03. State\00. PlayerStateBase\00.CorvusStateBase\00.CorvusState\02.State_JoggingStartEnd</Filter>
    </ClCompile>
    <ClCompile Include="..\Private\CorvusStates\CorvusStateBase.cpp">
      <Filter>05. Component\03. State\00. PlayerStateBase\00.CorvusStateBase\00.CorvusState</Filter>
    </ClCompile>
    <ClCompile Include="..\Private\CorvusStates\CorvusState_Hit.cpp">
      <Filter>05. Component\03. State\00. PlayerStateBase\00.CorvusStateBase\00.CorvusState\05.State_Hit</Filter>
    </ClCompile>
    <ClCompile Include="..\Private\CorvusStates\CorvusState_Idle.cpp">
      <Filter>05. Component\03. State\00. PlayerStateBase\00.CorvusStateBase\00.CorvusState\00.State_Idle</Filter>
    </ClCompile>
    <ClCompile Include="..\Private\CorvusStates\CorvusState_Run.cpp">
      <Filter>05. Component\03. State\00. PlayerStateBase\00.CorvusStateBase\00.CorvusState\06.State_Run</Filter>
    </ClCompile>
    <ClCompile Include="..\Private\CorvusStates\CorvusState_Sprint.cpp">
      <Filter>05. Component\03. State\00. PlayerStateBase\00.CorvusStateBase\00.CorvusState\07.State_Sprint</Filter>
    </ClCompile>
    <ClCompile Include="..\Private\CorvusStates\CorvusState_SprintStart.cpp">
      <Filter>05. Component\03. State\00. PlayerStateBase\00.CorvusStateBase\00.CorvusState\08.State_SprintStart</Filter>
    </ClCompile>
    <ClCompile Include="..\Private\CorvusStates\CorvusState_SprintAttack.cpp">
      <Filter>05. Component\03. State\00. PlayerStateBase\00.CorvusStateBase\00.CorvusState\10.State_SprintAttack</Filter>
    </ClCompile>
    <ClCompile Include="..\Private\CorvusStates\CorvusState_AVoid.cpp">
      <Filter>05. Component\03. State\00. PlayerStateBase\00.CorvusStateBase\00.CorvusState\09.State_AVoid</Filter>
    </ClCompile>
    <ClCompile Include="..\Private\Corvus_DefaultSaber.cpp">
      <Filter>02. GameObject\03. Actor\00. Character\00. Corvus\00.Weapon\00.Corvus_DefaultSaber</Filter>
    </ClCompile>
    <ClCompile Include="..\Public\Corvus_DefaultDagger.cpp">
      <Filter>02. GameObject\03. Actor\00. Character\00. Corvus\00.Weapon\01.Corvus_DefaultDagger</Filter>
    </ClCompile>
    <ClCompile Include="..\Private\EditGround.cpp">
      <Filter>02. GameObject\99. Other\01. EditGround</Filter>
    </ClCompile>
    <ClCompile Include="..\Private\HUD_Hover.cpp" />
    <ClCompile Include="..\Private\CorvusStates\VargExecution\Varg_Execution.cpp">
      <Filter>05. Component\03. State\00. PlayerStateBase\00.CorvusStateBase\01.State_Execution\00.Varg_Execution</Filter>
    </ClCompile>
    <ClCompile Include="..\Private\CorvusStates\CorvusState_LAttack1.cpp">
      <Filter>05. Component\03. State\00. PlayerStateBase\00.CorvusStateBase\00.CorvusState\11.State_Attack\State_Attack1</Filter>
    </ClCompile>
    <ClCompile Include="..\Private\CorvusStates\CorvusState_LAttack2.cpp">
      <Filter>05. Component\03. State\00. PlayerStateBase\00.CorvusStateBase\00.CorvusState\11.State_Attack\State_Attack2</Filter>
    </ClCompile>
    <ClCompile Include="..\Private\CorvusStates\CorvusState_LAttack3.cpp">
      <Filter>05. Component\03. State\00. PlayerStateBase\00.CorvusStateBase\00.CorvusState\11.State_Attack\State_Attack3</Filter>
    </ClCompile>
    <ClCompile Include="..\Private\CorvusStates\CorvusState_Parry1.cpp">
      <Filter>05. Component\03. State\00. PlayerStateBase\00.CorvusStateBase\00.CorvusState\12.State_Parry\State_Paary1</Filter>
    </ClCompile>
    <ClCompile Include="..\Private\CorvusStates\CorvusState_Parry2.cpp">
      <Filter>05. Component\03. State\00. PlayerStateBase\00.CorvusStateBase\00.CorvusState\12.State_Parry\State_Parry2</Filter>
    </ClCompile>
    <ClCompile Include="..\Private\CorvusStates\CorvusState_BasicHealing.cpp">
      <Filter>05. Component\03. State\00. PlayerStateBase\00.CorvusStateBase\00.CorvusState\13.State_Healing\00.CorvusState_BasicHealing</Filter>
    </ClCompile>
    <ClCompile Include="..\Private\Monster.cpp">
      <Filter>02. GameObject\03. Actor\00. Character\01. Monster</Filter>
    </ClCompile>
    <ClCompile Include="..\Private\Mob.cpp">
      <Filter>02. GameObject\03. Actor\00. Character\01. Monster\00.Mob</Filter>
    </ClCompile>
    <ClCompile Include="..\Private\MobWeapon\MobWeapon.cpp">
      <Filter>02. GameObject\03. Actor\00. Character\01. Monster\00.Mob\00.Weapon</Filter>
    </ClCompile>
  </ItemGroup>
  <ItemGroup>
    <Image Include="Client.ico">
      <Filter>97. Tool\98. Default</Filter>
    </Image>
    <Image Include="small.ico">
      <Filter>97. Tool\98. Default</Filter>
    </Image>
  </ItemGroup>
  <ItemGroup>
    <Filter Include="04. ShaderFiles">
      <UniqueIdentifier>{60a2bbed-8e48-438f-a25f-2f9c1f1edaa8}</UniqueIdentifier>
    </Filter>
    <Filter Include="00. MainApp">
      <UniqueIdentifier>{d893f375-d010-4a8a-bdbc-7084075a09cb}</UniqueIdentifier>
    </Filter>
    <Filter Include="97. Tool">
      <UniqueIdentifier>{31f57221-7bc8-442f-a0e1-3848832f0944}</UniqueIdentifier>
    </Filter>
    <Filter Include="97. Tool\00. IMGUI">
      <UniqueIdentifier>{350fe599-950b-4dd4-b78f-acc7706cec27}</UniqueIdentifier>
    </Filter>
    <Filter Include="97. Tool\00. IMGUI\Windows">
      <UniqueIdentifier>{e1150335-7126-4cb0-94ca-496d0c69ed31}</UniqueIdentifier>
    </Filter>
    <Filter Include="97. Tool\00. IMGUI\Windows\00. UI">
      <UniqueIdentifier>{f680c8aa-9d60-42d0-9d0d-462fa61d8d83}</UniqueIdentifier>
    </Filter>
    <Filter Include="96. GameManager">
      <UniqueIdentifier>{754a09b8-9237-4e34-871e-e6aeaa3022d6}</UniqueIdentifier>
    </Filter>
    <Filter Include="01. ClientLevel">
      <UniqueIdentifier>{21371941-8fc0-43d9-b47a-6f347c9fae61}</UniqueIdentifier>
    </Filter>
    <Filter Include="01. ClientLevel\00. Logo">
      <UniqueIdentifier>{289b4d09-7c95-466b-9f74-173b2e22e40e}</UniqueIdentifier>
    </Filter>
    <Filter Include="01. ClientLevel\99. Loading">
      <UniqueIdentifier>{807441ba-e54d-4b86-960a-e96a8505241f}</UniqueIdentifier>
    </Filter>
    <Filter Include="01. ClientLevel\01. GamePlay">
      <UniqueIdentifier>{2c0cd078-e1ec-4276-a003-e7ec4d0edcf0}</UniqueIdentifier>
    </Filter>
    <Filter Include="01. ClientLevel\98. Edit">
      <UniqueIdentifier>{d5fad571-8808-4d8a-bf02-babe87066fd4}</UniqueIdentifier>
    </Filter>
    <Filter Include="01. ClientLevel\02. Lobby">
      <UniqueIdentifier>{f1b90e97-9c00-4aeb-9a0b-a7b3f4935b15}</UniqueIdentifier>
    </Filter>
    <Filter Include="97. Tool\00. IMGUI\Windows\01. SceneEditer">
      <UniqueIdentifier>{e80e8b88-ac03-47b3-9bd4-9f4fe91400eb}</UniqueIdentifier>
    </Filter>
    <Filter Include="97. Tool\00. IMGUI\Windows\01. SceneEditer\00. Prototype">
      <UniqueIdentifier>{5c8ddf01-eaf9-4e49-9d4d-8f8f43be521d}</UniqueIdentifier>
    </Filter>
    <Filter Include="97. Tool\00. IMGUI\Windows\01. SceneEditer\01. Hierarchy">
      <UniqueIdentifier>{2d56cd04-71fc-4e4f-bed1-3b7f9c400a0c}</UniqueIdentifier>
    </Filter>
    <Filter Include="97. Tool\00. IMGUI\Windows\01. SceneEditer\02. Component">
      <UniqueIdentifier>{f9e858b1-2c4f-4206-92df-1b392ec3fe89}</UniqueIdentifier>
    </Filter>
    <Filter Include="97. Tool\00. IMGUI\Windows\02. Effect">
      <UniqueIdentifier>{91bbb880-41fa-40e6-a07e-6530246a0175}</UniqueIdentifier>
    </Filter>
    <Filter Include="97. Tool\00. IMGUI\Windows\02. Effect\00. EffectResource">
      <UniqueIdentifier>{abcd3a72-ade2-4981-9fd6-782385e730f9}</UniqueIdentifier>
    </Filter>
    <Filter Include="97. Tool\00. IMGUI\Windows\02. Effect\01. AnimationModel">
      <UniqueIdentifier>{bf213ab9-9f2f-41bf-860f-3ab4aad8b023}</UniqueIdentifier>
    </Filter>
    <Filter Include="97. Tool\00. IMGUI\Windows\02. Effect\02. EditEffect">
      <UniqueIdentifier>{2a442c21-709b-4489-b5d7-8a95fb8102bd}</UniqueIdentifier>
    </Filter>
    <Filter Include="97. Tool\00. IMGUI\Windows\02. Effect\03. AnimationPlayer">
      <UniqueIdentifier>{eadc26ea-e931-42a9-81ec-ebfac3dbb747}</UniqueIdentifier>
    </Filter>
    <Filter Include="97. Tool\00. IMGUI\Windows\02. Effect\04. EffectHierarchy">
      <UniqueIdentifier>{35d0a0ef-adba-4bc9-9910-3ee5d535d26f}</UniqueIdentifier>
    </Filter>
    <Filter Include="01. ClientLevel\03. Stage2">
      <UniqueIdentifier>{8f5d4da9-e8bb-4299-a8be-1cd7eb02e875}</UniqueIdentifier>
    </Filter>
    <Filter Include="01. ClientLevel\04. Stage3">
      <UniqueIdentifier>{f753e3e3-5266-40af-90f4-78a4fe474aba}</UniqueIdentifier>
    </Filter>
    <Filter Include="01. ClientLevel\Loader">
      <UniqueIdentifier>{33e1de52-700d-4cac-9e56-af962b2b6268}</UniqueIdentifier>
    </Filter>
    <Filter Include="96. GameManager\00. GameState">
      <UniqueIdentifier>{297f4c57-9297-455a-99b4-9a82b4e402f7}</UniqueIdentifier>
    </Filter>
    <Filter Include="97. Tool\98. Default">
      <UniqueIdentifier>{65376df2-2a03-48c0-b9a4-e1bcd404fb50}</UniqueIdentifier>
    </Filter>
    <Filter Include="02. GameObject">
      <UniqueIdentifier>{57f74c26-08d1-4431-861b-7a6105d37c3f}</UniqueIdentifier>
    </Filter>
    <Filter Include="02. GameObject\00. Camera">
      <UniqueIdentifier>{26e99694-abae-44e9-8b46-1593e0455130}</UniqueIdentifier>
    </Filter>
    <Filter Include="02. GameObject\00. Camera\00. Camera_Free">
      <UniqueIdentifier>{8d80430f-60b7-44dd-a078-05629af040bb}</UniqueIdentifier>
    </Filter>
    <Filter Include="02. GameObject\00. Camera\01. Camera_Target">
      <UniqueIdentifier>{163e0bcd-dde6-4019-86d6-79357f7a40c3}</UniqueIdentifier>
    </Filter>
    <Filter Include="02. GameObject\00. Camera\02. Camera_Static">
      <UniqueIdentifier>{bdb80e9a-5234-4c4e-9189-1703140cbbf4}</UniqueIdentifier>
    </Filter>
    <Filter Include="02. GameObject\02. Terrain">
      <UniqueIdentifier>{88f2ac0b-a8f4-49fa-a1ea-2fba81ec7232}</UniqueIdentifier>
    </Filter>
    <Filter Include="02. GameObject\03. Actor">
      <UniqueIdentifier>{01737cb7-4728-40ce-9a6d-6f3d60c87ac9}</UniqueIdentifier>
    </Filter>
    <Filter Include="02. GameObject\03. Actor\00. Character">
      <UniqueIdentifier>{618567cb-c6db-48f9-a3fe-050a87d96221}</UniqueIdentifier>
    </Filter>
    <Filter Include="02. GameObject\03. Actor\00. Character\99. PreViewAnimationModel">
      <UniqueIdentifier>{4324461d-9653-4d65-96ab-339d94dd633d}</UniqueIdentifier>
    </Filter>
    <Filter Include="02. GameObject\01. UI">
      <UniqueIdentifier>{f7dd526f-999a-4efc-b2c0-8b5a81b03a28}</UniqueIdentifier>
    </Filter>
    <Filter Include="02. GameObject\01. UI\FadeMask">
      <UniqueIdentifier>{2c9b24b5-36ce-4aa3-8d98-1549cd3ed6cb}</UniqueIdentifier>
    </Filter>
    <Filter Include="02. GameObject\01. UI\PlayerUI">
      <UniqueIdentifier>{c4817d22-7dcd-4337-8227-2a1e4243e297}</UniqueIdentifier>
    </Filter>
    <Filter Include="02. GameObject\04. Prop">
      <UniqueIdentifier>{37ef6a25-ef8c-49c6-b632-dc8c8a6240a1}</UniqueIdentifier>
    </Filter>
    <Filter Include="02. GameObject\04. Prop\00. Map">
      <UniqueIdentifier>{ea0eaaa8-1686-46a3-9112-ab37840d1fbe}</UniqueIdentifier>
    </Filter>
    <Filter Include="02. GameObject\04. Prop\00. Map\00. Stage1_Map">
      <UniqueIdentifier>{fc7e4ed8-6e33-4640-9564-da4065ee9037}</UniqueIdentifier>
    </Filter>
    <Filter Include="02. GameObject\04. Prop\00. Map\01. Stage2_Map">
      <UniqueIdentifier>{b52b4238-f1cb-4085-8b2a-cc1c3a49bb65}</UniqueIdentifier>
    </Filter>
    <Filter Include="02. GameObject\04. Prop\00. Map\02. Stage3_Map">
      <UniqueIdentifier>{28f5080e-d4d9-4cbd-920a-2b5518befb34}</UniqueIdentifier>
    </Filter>
    <Filter Include="02. GameObject\06. WorldUI">
      <UniqueIdentifier>{b7e8f8a1-eeb4-4a72-8ff4-7fc18d9326e2}</UniqueIdentifier>
    </Filter>
    <Filter Include="02. GameObject\07. EffectMesh">
      <UniqueIdentifier>{3c82e194-5f11-48ff-9305-d1d81852b46d}</UniqueIdentifier>
    </Filter>
    <Filter Include="02. GameObject\07. EffectMesh\01. CustomEffectMesh">
      <UniqueIdentifier>{4ea207fe-5666-4892-9518-9b159994ddef}</UniqueIdentifier>
    </Filter>
    <Filter Include="02. GameObject\07. EffectMesh\02. EffectGroup">
      <UniqueIdentifier>{8d1fe532-6c44-42d5-a642-4038cc380275}</UniqueIdentifier>
    </Filter>
    <Filter Include="02. GameObject\08. Effect">
      <UniqueIdentifier>{cda8b559-b3fc-43b5-9315-e385090ba1ec}</UniqueIdentifier>
    </Filter>
    <Filter Include="02. GameObject\08. Effect\00. Effect_Rect">
      <UniqueIdentifier>{43be49b4-b4e1-4346-a84a-e59a8f70fb38}</UniqueIdentifier>
    </Filter>
    <Filter Include="02. GameObject\08. Effect\01. Effect_Point">
      <UniqueIdentifier>{a13c11af-c73a-4829-871a-b1c03d227ae5}</UniqueIdentifier>
    </Filter>
    <Filter Include="02. GameObject\99. Other">
      <UniqueIdentifier>{70df287a-cf01-4185-8d3d-823769c249c9}</UniqueIdentifier>
    </Filter>
    <Filter Include="02. GameObject\99. Other\02. EditNaviMesh">
      <UniqueIdentifier>{0abc7327-059b-41f5-8511-a0f67f4377e2}</UniqueIdentifier>
    </Filter>
    <Filter Include="02. GameObject\99. Other\03. Attack_collider">
      <UniqueIdentifier>{feefd436-85b9-49db-ba0e-9b57ca5b351c}</UniqueIdentifier>
    </Filter>
    <Filter Include="02. GameObject\09. SkyBox">
      <UniqueIdentifier>{a808949d-7be4-4654-b4d3-8075d2b35373}</UniqueIdentifier>
    </Filter>
    <Filter Include="02. GameObject\10. Trigger">
      <UniqueIdentifier>{99bd0ed4-2e9b-47bf-8557-7c919232b269}</UniqueIdentifier>
    </Filter>
    <Filter Include="05. Component">
      <UniqueIdentifier>{2d13e696-c96a-4148-8979-8c5f6629f73c}</UniqueIdentifier>
    </Filter>
    <Filter Include="05. Component\04. Status">
      <UniqueIdentifier>{f43f13c0-d444-40f3-b092-0cf451394737}</UniqueIdentifier>
    </Filter>
    <Filter Include="05. Component\03. State">
      <UniqueIdentifier>{7125d0b1-0637-412a-99f0-f86512aa5552}</UniqueIdentifier>
    </Filter>
    <Filter Include="05. Component\03. State\00. PlayerStateBase">
      <UniqueIdentifier>{5a9a122a-c3b7-4bc0-933c-c4d6160333d1}</UniqueIdentifier>
    </Filter>
    <Filter Include="05. Component\03. State\01. AIStateBase">
      <UniqueIdentifier>{6131b767-66a4-4c88-89ab-249cdfa2a1f7}</UniqueIdentifier>
    </Filter>
    <Filter Include="02. GameObject\01. UI\CustomUI">
      <UniqueIdentifier>{ff97c274-021f-4a5a-998f-c63545601fef}</UniqueIdentifier>
    </Filter>
    <Filter Include="02. GameObject\03. Actor\00. Character\00. Corvus">
      <UniqueIdentifier>{16574201-340f-43db-b0c0-e3bb9a200fc8}</UniqueIdentifier>
    </Filter>
    <Filter Include="05. Component\03. State\00. PlayerStateBase\00.CorvusStateBase">
      <UniqueIdentifier>{aadbf6c6-7726-4889-bde8-1f3c8329f678}</UniqueIdentifier>
    </Filter>
    <Filter Include="05. Component\03. State\00. PlayerStateBase\00.CorvusStateBase\00.CorvusState">
      <UniqueIdentifier>{72943f7d-2bf2-429d-83ff-813079f76ffe}</UniqueIdentifier>
    </Filter>
    <Filter Include="05. Component\03. State\00. PlayerStateBase\00.CorvusStateBase\00.CorvusState\00.State_Idle">
      <UniqueIdentifier>{18638724-2ee5-46e7-a95e-73edb20ab3cf}</UniqueIdentifier>
    </Filter>
    <Filter Include="05. Component\03. State\00. PlayerStateBase\00.CorvusStateBase\00.CorvusState\05.State_Hit">
      <UniqueIdentifier>{41826306-7aa4-4142-8a99-602d9d79a36f}</UniqueIdentifier>
    </Filter>
    <Filter Include="02. GameObject\03. Actor\00. Character\00. Corvus\00.Weapon">
      <UniqueIdentifier>{c544ea3e-e472-45d2-97c7-b7b228b16290}</UniqueIdentifier>
    </Filter>
    <Filter Include="02. GameObject\03. Actor\00. Character\00. Corvus\00.Weapon\00.Corvus_DefaultSaber">
      <UniqueIdentifier>{0ed56344-d4a6-4fcc-946f-328f7e70d654}</UniqueIdentifier>
    </Filter>
    <Filter Include="02. GameObject\03. Actor\00. Character\00. Corvus\00.Weapon\01.Corvus_DefaultDagger">
      <UniqueIdentifier>{e8d262bf-d13f-4a53-886f-7946a0308b0a}</UniqueIdentifier>
    </Filter>
    <Filter Include="05. Component\03. State\00. PlayerStateBase\00.CorvusStateBase\00.CorvusState\01.State_JoggingStart">
      <UniqueIdentifier>{30a1a2b0-e0cd-4a2f-a626-2db95dcc69f8}</UniqueIdentifier>
    </Filter>
    <Filter Include="05. Component\03. State\00. PlayerStateBase\00.CorvusStateBase\00.CorvusState\02.State_JoggingStartEnd">
      <UniqueIdentifier>{c3aa626e-cb6d-476a-adea-3832b48bfa2d}</UniqueIdentifier>
    </Filter>
    <Filter Include="05. Component\03. State\00. PlayerStateBase\00.CorvusStateBase\00.CorvusState\03.State_Jogging">
      <UniqueIdentifier>{a12142b2-c69c-41a4-80ed-d407e0173be6}</UniqueIdentifier>
    </Filter>
    <Filter Include="02. GameObject\04. Prop\01. Static_Prop">
      <UniqueIdentifier>{8db7ae73-3391-4fb1-9d5a-00b64a6c377e}</UniqueIdentifier>
    </Filter>
    <Filter Include="02. GameObject\04. Prop\02. Dynamic_Prop">
      <UniqueIdentifier>{d2bc77f2-b426-48c5-ada5-146394a4df4c}</UniqueIdentifier>
    </Filter>
    <Filter Include="02. GameObject\04. Prop\03. Interaction_Prop">
      <UniqueIdentifier>{8ee2cfd5-c3f7-4f99-8fb6-64583c3174c9}</UniqueIdentifier>
    </Filter>
    <Filter Include="02. GameObject\11. Ground">
      <UniqueIdentifier>{8b002a8d-4757-456a-9413-0cd76b027117}</UniqueIdentifier>
    </Filter>
    <Filter Include="05. Component\03. State\00. PlayerStateBase\00.CorvusStateBase\00.CorvusState\09.State_SprintStart">
      <UniqueIdentifier>{e51b7011-ec5e-451f-8088-27a1ad224443}</UniqueIdentifier>
    </Filter>
    <Filter Include="02. GameObject\03. Actor\00. Character\00. Corvus">
      <UniqueIdentifier>{16574201-340f-43db-b0c0-e3bb9a200fc8}</UniqueIdentifier>
    </Filter>
    <Filter Include="05. Component\03. State\00. PlayerStateBase\00.CorvusStateBase">
      <UniqueIdentifier>{aadbf6c6-7726-4889-bde8-1f3c8329f678}</UniqueIdentifier>
    </Filter>
    <Filter Include="05. Component\03. State\00. PlayerStateBase\00.CorvusStateBase\00.CorvusState">
      <UniqueIdentifier>{72943f7d-2bf2-429d-83ff-813079f76ffe}</UniqueIdentifier>
    </Filter>
    <Filter Include="05. Component\03. State\00. PlayerStateBase\00.CorvusStateBase\00.CorvusState\00.State_Idle">
      <UniqueIdentifier>{18638724-2ee5-46e7-a95e-73edb20ab3cf}</UniqueIdentifier>
    </Filter>
    <Filter Include="05. Component\03. State\00. PlayerStateBase\00.CorvusStateBase\00.CorvusState\04.State_Stop">
      <UniqueIdentifier>{51c54cbf-686f-4453-ab8b-7ebbfaf21117}</UniqueIdentifier>
    </Filter>
    <Filter Include="05. Component\03. State\00. PlayerStateBase\00.CorvusStateBase\00.CorvusState\05.State_Hit">
      <UniqueIdentifier>{41826306-7aa4-4142-8a99-602d9d79a36f}</UniqueIdentifier>
    </Filter>
    <Filter Include="02. GameObject\03. Actor\00. Character\00. Corvus\00.Weapon">
      <UniqueIdentifier>{c544ea3e-e472-45d2-97c7-b7b228b16290}</UniqueIdentifier>
    </Filter>
    <Filter Include="02. GameObject\03. Actor\00. Character\00. Corvus\00.Weapon\00.Corvus_DefaultSaber">
      <UniqueIdentifier>{0ed56344-d4a6-4fcc-946f-328f7e70d654}</UniqueIdentifier>
    </Filter>
    <Filter Include="02. GameObject\03. Actor\00. Character\00. Corvus\00.Weapon\01.Corvus_DefaultDagger">
      <UniqueIdentifier>{e8d262bf-d13f-4a53-886f-7946a0308b0a}</UniqueIdentifier>
    </Filter>
    <Filter Include="05. Component\03. State\00. PlayerStateBase\00.CorvusStateBase\00.CorvusState\01.State_JoggingStart">
      <UniqueIdentifier>{30a1a2b0-e0cd-4a2f-a626-2db95dcc69f8}</UniqueIdentifier>
    </Filter>
    <Filter Include="05. Component\03. State\00. PlayerStateBase\00.CorvusStateBase\00.CorvusState\02.State_JoggingStartEnd">
      <UniqueIdentifier>{c3aa626e-cb6d-476a-adea-3832b48bfa2d}</UniqueIdentifier>
    </Filter>
    <Filter Include="05. Component\03. State\00. PlayerStateBase\00.CorvusStateBase\00.CorvusState\03.State_Jogging">
      <UniqueIdentifier>{a12142b2-c69c-41a4-80ed-d407e0173be6}</UniqueIdentifier>
    </Filter>
    <Filter Include="05. Component\03. State\00. PlayerStateBase\00.CorvusStateBase\00.CorvusState\06.State_RunStart">
      <UniqueIdentifier>{5975b0e5-d07d-48e4-b336-881fec4035b3}</UniqueIdentifier>
    </Filter>
    <Filter Include="05. Component\03. State\00. PlayerStateBase\00.CorvusStateBase\00.CorvusState\07.State_Run">
      <UniqueIdentifier>{201fbc95-0885-488a-8f7d-3aa7927da9b6}</UniqueIdentifier>
    </Filter>
    <Filter Include="05. Component\03. State\00. PlayerStateBase\00.CorvusStateBase\00.CorvusState\08.State_Sprint">
      <UniqueIdentifier>{d0d5f95f-6dc7-4634-b30f-1a3877a02a70}</UniqueIdentifier>
    </Filter>
    <Filter Include="05. Component\03. State\00. PlayerStateBase\00.CorvusStateBase\00.CorvusState\09.State_SprintStart">
      <UniqueIdentifier>{e51b7011-ec5e-451f-8088-27a1ad224443}</UniqueIdentifier>
    </Filter>
    <Filter Include="05. Component\03. State\00. PlayerStateBase\00.CorvusStateBase\00.CorvusState\06.State_Run">
      <UniqueIdentifier>{201fbc95-0885-488a-8f7d-3aa7927da9b6}</UniqueIdentifier>
    </Filter>
    <Filter Include="05. Component\03. State\00. PlayerStateBase\00.CorvusStateBase\00.CorvusState\07.State_Sprint">
      <UniqueIdentifier>{d0d5f95f-6dc7-4634-b30f-1a3877a02a70}</UniqueIdentifier>
    </Filter>
    <Filter Include="05. Component\03. State\00. PlayerStateBase\00.CorvusStateBase\00.CorvusState\08.State_SprintStart">
      <UniqueIdentifier>{e51b7011-ec5e-451f-8088-27a1ad224443}</UniqueIdentifier>
    </Filter>
    <Filter Include="99. Defines">
      <UniqueIdentifier>{ca7671a3-fda7-41c0-8070-09afde17063e}</UniqueIdentifier>
    </Filter>
    <Filter Include="02. GameObject\01. UI\PlayerUI\HUD">
      <UniqueIdentifier>{8439329b-5981-4c42-90ec-11eab1568f89}</UniqueIdentifier>
    </Filter>
    <Filter Include="02. GameObject\01. UI\PlayerUI\HUD\Potion">
      <UniqueIdentifier>{c654af71-c1f4-4f5e-9939-038eecb26bb3}</UniqueIdentifier>
    </Filter>
    <Filter Include="02. GameObject\01. UI\PlayerUI\HUD\Feather">
      <UniqueIdentifier>{388374b3-bf34-4888-b9c8-fa080d051771}</UniqueIdentifier>
    </Filter>
    <Filter Include="02. GameObject\01. UI\PlayerUI\HUD\HP&amp;MP">
      <UniqueIdentifier>{2c25f384-014e-4a40-84c4-e8aef1b67eff}</UniqueIdentifier>
    </Filter>
    <Filter Include="02. GameObject\01. UI\PlayerUI\HUD\HP&amp;MP\Progress">
      <UniqueIdentifier>{fe5378f3-5d92-48f6-9847-6ce6ac071847}</UniqueIdentifier>
    </Filter>
    <Filter Include="02. GameObject\01. UI\PlayerUI\HUD\Memory">
      <UniqueIdentifier>{50d1b317-f506-4a91-9ffe-41249c29fffb}</UniqueIdentifier>
    </Filter>
    <Filter Include="02. GameObject\01. UI\PlayerUI\HUD\Hover">
      <UniqueIdentifier>{e487d713-d046-4fcc-955c-f8b1014cbff6}</UniqueIdentifier>
    </Filter>
    <Filter Include="02. GameObject\04. Prop\04. Light_Prop">
      <UniqueIdentifier>{46c37644-8182-4c31-91d7-afefc21a564b}</UniqueIdentifier>
    </Filter>
    <Filter Include="05. Component\03. State\00. PlayerStateBase\00.CorvusStateBase\00.CorvusState\09.State_AVoid">
      <UniqueIdentifier>{aad068d4-0d33-4ebf-bb5c-aa75850e357f}</UniqueIdentifier>
    </Filter>
    <Filter Include="05. Component\03. State\00. PlayerStateBase\00.CorvusStateBase\00.CorvusState\04.State_Stop">
      <UniqueIdentifier>{51c54cbf-686f-4453-ab8b-7ebbfaf21117}</UniqueIdentifier>
    </Filter>
    <Filter Include="05. Component\03. State\00. PlayerStateBase\00.CorvusStateBase\00.CorvusState\10.State_SprintAttack">
      <UniqueIdentifier>{7a0236c3-2325-4666-b88a-ea5476d7d0bd}</UniqueIdentifier>
    </Filter>
    <Filter Include="02. GameObject\99. Other\01. EditGround">
      <UniqueIdentifier>{e901b999-d046-4e3c-aa8b-98d950d74dbe}</UniqueIdentifier>
    </Filter>
    <Filter Include="05. Component\03. State\00. PlayerStateBase\00.CorvusStateBase\01.State_Execution">
      <UniqueIdentifier>{6a06f980-1515-4d7a-ab10-4f6e976f5190}</UniqueIdentifier>
    </Filter>
    <Filter Include="05. Component\03. State\00. PlayerStateBase\00.CorvusStateBase\01.State_Execution\00.Varg_Execution">
      <UniqueIdentifier>{c125c642-a472-4a97-b97a-49ea53901244}</UniqueIdentifier>
    </Filter>
    <Filter Include="05. Component\03. State\00. PlayerStateBase\00.CorvusStateBase\00.CorvusState\11.State_Attack">
      <UniqueIdentifier>{4a64bbd5-ee25-4223-ac86-be99e1df7490}</UniqueIdentifier>
    </Filter>
    <Filter Include="05. Component\03. State\00. PlayerStateBase\00.CorvusStateBase\00.CorvusState\12.State_Parry">
      <UniqueIdentifier>{19ca8f01-dac7-4194-82e8-a6d863e1c44b}</UniqueIdentifier>
    </Filter>
    <Filter Include="05. Component\03. State\00. PlayerStateBase\00.CorvusStateBase\00.CorvusState\11.State_Attack\State_Attack2">
      <UniqueIdentifier>{715e3a5a-a3f9-4cc9-865d-b51b04180a9c}</UniqueIdentifier>
    </Filter>
    <Filter Include="05. Component\03. State\00. PlayerStateBase\00.CorvusStateBase\00.CorvusState\11.State_Attack\State_Attack3">
      <UniqueIdentifier>{ca2a8885-8e6f-455a-8f52-fd8eb9683628}</UniqueIdentifier>
    </Filter>
    <Filter Include="05. Component\03. State\00. PlayerStateBase\00.CorvusStateBase\00.CorvusState\11.State_Attack\State_Attack1">
      <UniqueIdentifier>{63e2ae0e-7d55-4b33-a120-9694eed17293}</UniqueIdentifier>
    </Filter>
    <Filter Include="05. Component\03. State\00. PlayerStateBase\00.CorvusStateBase\00.CorvusState\11.State_Attack\State_Attack4">
      <UniqueIdentifier>{3818cf37-d562-4aad-ab07-0d858b51c846}</UniqueIdentifier>
    </Filter>
    <Filter Include="05. Component\03. State\00. PlayerStateBase\00.CorvusStateBase\00.CorvusState\11.State_Attack\State_Attack5">
      <UniqueIdentifier>{13c7faf3-979e-42ef-b9b0-c0d67e531d68}</UniqueIdentifier>
    </Filter>
    <Filter Include="05. Component\03. State\00. PlayerStateBase\00.CorvusStateBase\00.CorvusState\12.State_Parry\State_Paary1">
      <UniqueIdentifier>{24503ff4-ebbe-42b3-b252-f120e8671efa}</UniqueIdentifier>
    </Filter>
    <Filter Include="05. Component\03. State\00. PlayerStateBase\00.CorvusStateBase\00.CorvusState\12.State_Parry\State_Parry2">
      <UniqueIdentifier>{6f878e11-35db-41cc-976c-bcfcb5d31ac6}</UniqueIdentifier>
    </Filter>
    <Filter Include="05. Component\03. State\00. PlayerStateBase\00.CorvusStateBase\00.CorvusState\13.State_Healing">
      <UniqueIdentifier>{ccc0efb5-3edc-4fdb-9c8e-1ec91417b221}</UniqueIdentifier>
    </Filter>
    <Filter Include="05. Component\03. State\00. PlayerStateBase\00.CorvusStateBase\00.CorvusState\13.State_Healing\00.CorvusState_BasicHealing">
      <UniqueIdentifier>{c10e7031-e434-4528-9ac6-0a6693d61a10}</UniqueIdentifier>
    </Filter>
    <Filter Include="02. GameObject\03. Actor\00. Character\01. Monster">
      <UniqueIdentifier>{b10a7ea5-a749-4a3b-a17c-3bb89b499e38}</UniqueIdentifier>
    </Filter>
    <Filter Include="02. GameObject\03. Actor\00. Character\01. Monster\00.Mob">
      <UniqueIdentifier>{83e51cf4-fd97-4734-ac39-ca7849a9905d}</UniqueIdentifier>
    </Filter>
    <Filter Include="02. GameObject\03. Actor\00. Character\01. Monster\00.Mob\00.Weapon">
      <UniqueIdentifier>{5e4e63d5-214f-4648-9f56-5231e87b034b}</UniqueIdentifier>
    </Filter>
  </ItemGroup>
  <ItemGroup>
    <ResourceCompile Include="Client.rc">
      <Filter>97. Tool\98. Default</Filter>
    </ResourceCompile>
  </ItemGroup>
  <ItemGroup>
    <Text Include="ReadMe.txt">
      <Filter>97. Tool\98. Default</Filter>
    </Text>
  </ItemGroup>
  <ItemGroup>
    <None Include="cpp.hint" />
  </ItemGroup>
  <ItemGroup>
    <FxCompile Include="..\Bin\ShaderFiles\Shader_VtxTex.hlsl">
      <Filter>04. ShaderFiles</Filter>
    </FxCompile>
    <FxCompile Include="..\Bin\ShaderFiles\Shader_VtxNorTex.hlsl">
      <Filter>04. ShaderFiles</Filter>
    </FxCompile>
    <FxCompile Include="..\Bin\ShaderFiles\Shader_VtxColor.hlsl">
      <Filter>04. ShaderFiles</Filter>
    </FxCompile>
    <FxCompile Include="..\Bin\ShaderFiles\Shader_VtxModel.hlsl">
      <Filter>04. ShaderFiles</Filter>
    </FxCompile>
    <FxCompile Include="..\Bin\ShaderFiles\Shader_VtxAnimModel.hlsl">
      <Filter>04. ShaderFiles</Filter>
    </FxCompile>
    <FxCompile Include="..\Bin\ShaderFiles\Shader_HyperSpace.hlsl">
      <Filter>04. ShaderFiles</Filter>
    </FxCompile>
    <FxCompile Include="..\Bin\ShaderFiles\Shader_HPBar.hlsl">
      <Filter>04. ShaderFiles</Filter>
    </FxCompile>
    <FxCompile Include="..\Bin\ShaderFiles\Shader_VtxInstance.hlsl">
      <Filter>04. ShaderFiles</Filter>
    </FxCompile>
    <FxCompile Include="..\Bin\ShaderFiles\Shader_VtxPointInstance.hlsl">
      <Filter>04. ShaderFiles</Filter>
    </FxCompile>
    <FxCompile Include="..\Bin\ShaderFiles\Shader_VtxCubeTex.hlsl">
      <Filter>04. ShaderFiles</Filter>
    </FxCompile>
    <FxCompile Include="..\Bin\ShaderFiles\Shader_EffectMesh.hlsl">
      <Filter>04. ShaderFiles</Filter>
    </FxCompile>
    <FxCompile Include="..\Bin\ShaderFiles\Shader_Deferred.hlsl">
      <Filter>04. ShaderFiles</Filter>
    </FxCompile>
    <FxCompile Include="..\Bin\ShaderFiles\Shader_XBlur.hlsl">
      <Filter>04. ShaderFiles</Filter>
    </FxCompile>
    <FxCompile Include="..\Bin\ShaderFiles\Shader_Luxiya.hlsl">
      <Filter>04. ShaderFiles</Filter>
    </FxCompile>
    <FxCompile Include="..\Bin\ShaderFiles\Shader_VtxGround.hlsl">
      <Filter>04. ShaderFiles</Filter>
    </FxCompile>
  </ItemGroup>
</Project>